
Microsoft Visual Studio Solution File, Format Version 12.00
# Visual Studio Version 17
VisualStudioVersion = 17.10.35013.160
MinimumVisualStudioVersion = 10.0.40219.1
Project("{FAE04EC0-301F-11D3-BF4B-00C04F79EFBC}") = "LocalSync", "LocalSync\LocalSync.csproj", "{8E04518F-3ADF-40C6-9E28-AB48259769BD}"
EndProject
Global
	GlobalSection(SolutionConfigurationPlatforms) = preSolution
		Debug|ARM64 = Debug|ARM64
		Debug|x64 = Debug|x64
		Debug|x86 = Debug|x86
		Release|ARM64 = Release|ARM64
		Release|x64 = Release|x64
		Release|x86 = Release|x86
	EndGlobalSection
	GlobalSection(ProjectConfigurationPlatforms) = postSolution
		{8E04518F-3ADF-40C6-9E28-AB48259769BD}.Debug|ARM64.ActiveCfg = Debug|ARM64
		{8E04518F-3ADF-40C6-9E28-AB48259769BD}.Debug|ARM64.Build.0 = Debug|ARM64
		{8E04518F-3ADF-40C6-9E28-AB48259769BD}.Debug|ARM64.Deploy.0 = Debug|ARM64
		{8E04518F-3ADF-40C6-9E28-AB48259769BD}.Debug|x64.ActiveCfg = Debug|x64
		{8E04518F-3ADF-40C6-9E28-AB48259769BD}.Debug|x64.Build.0 = Debug|x64
		{8E04518F-3ADF-40C6-9E28-AB48259769BD}.Debug|x64.Deploy.0 = Debug|x64
		{8E04518F-3ADF-40C6-9E28-AB48259769BD}.Debug|x86.ActiveCfg = Debug|x86
		{8E04518F-3ADF-40C6-9E28-AB48259769BD}.Debug|x86.Build.0 = Debug|x86
		{8E04518F-3ADF-40C6-9E28-AB48259769BD}.Debug|x86.Deploy.0 = Debug|x86
		{8E04518F-3ADF-40C6-9E28-AB48259769BD}.Release|ARM64.ActiveCfg = Release|ARM64
		{8E04518F-3ADF-40C6-9E28-AB48259769BD}.Release|ARM64.Build.0 = Release|ARM64
		{8E04518F-3ADF-40C6-9E28-AB48259769BD}.Release|ARM64.Deploy.0 = Release|ARM64
		{8E04518F-3ADF-40C6-9E28-AB48259769BD}.Release|x64.ActiveCfg = Release|x64
		{8E04518F-3ADF-40C6-9E28-AB48259769BD}.Release|x64.Build.0 = Release|x64
		{8E04518F-3ADF-40C6-9E28-AB48259769BD}.Release|x64.Deploy.0 = Release|x64
		{8E04518F-3ADF-40C6-9E28-AB48259769BD}.Release|x86.ActiveCfg = Release|x86
		{8E04518F-3ADF-40C6-9E28-AB48259769BD}.Release|x86.Build.0 = Release|x86
		{8E04518F-3ADF-40C6-9E28-AB48259769BD}.Release|x86.Deploy.0 = Release|x86
	EndGlobalSection
	GlobalSection(SolutionProperties) = preSolution
		HideSolutionNode = FALSE
	EndGlobalSection
	GlobalSection(ExtensibilityGlobals) = postSolution
		SolutionGuid = {983CB76A-AC25-4BEE-B0B2-6CB6532DC39F}
	EndGlobalSection
EndGlobal
